{
  "name": "taylorni-app",
  "version": "0.0.0",
  "lockfileVersion": 3,
  "requires": true,
  "packages": {
    "": {
      "name": "taylorni-app",
      "version": "0.0.0",
      "dependencies": {
        "expo-blur": "^15.0.8",
        "expo-linear-gradient": "^15.0.8",
        "react-native-webview": "^13.16.0"
      }
    },
    "node_modules/escape-string-regexp": {
      "version": "4.0.0",
      "resolved": "https://registry.npmjs.org/escape-string-regexp/-/escape-string-regexp-4.0.0.tgz",
      "integrity": "sha512-TtpcNJ3XAzx3Gq8sWRzJaVajRs0uVxA2YAkdb1jm2YkPz4G6egUFAyA3n5vtEIZefPk5Wa4UXbKuS5fKkJWdgA==",
      "license": "MIT",
      "engines": {
        "node": ">=10"
      },
      "funding": {
        "url": "https://github.com/sponsors/sindresorhus"
      }
    },
    "node_modules/expo-blur": {
      "version": "15.0.8",
      "resolved": "https://registry.npmjs.org/expo-blur/-/expo-blur-15.0.8.tgz",
      "integrity": "sha512-rWyE1NBRZEu9WD+X+5l7gyPRszw7n12cW3IRNAb5i6KFzaBp8cxqT5oeaphJapqURvcqhkOZn2k5EtBSbsuU7w==",
      "license": "MIT",
      "peerDependencies": {
        "expo": "*",
        "react": "*",
        "react-native": "*"
      }
    },
    "node_modules/expo-linear-gradient": {
      "version": "15.0.8",
      "resolved": "https://registry.npmjs.org/expo-linear-gradient/-/expo-linear-gradient-15.0.8.tgz",
      "integrity": "sha512-V2d8Wjn0VzhPHO+rrSBtcl+Fo+jUUccdlmQ6OoL9/XQB7Qk3d9lYrqKDJyccwDxmQT10JdST3Tmf2K52NLc3kw==",
      "license": "MIT",
      "peerDependencies": {
        "expo": "*",
        "react": "*",
        "react-native": "*"
      }
    },
    "node_modules/invariant": {
      "version": "2.2.4",
      "resolved": "https://registry.npmjs.org/invariant/-/invariant-2.2.4.tgz",
      "integrity": "sha512-phJfQVBuaJM5raOpJjSfkiD6BpbCE4Ns//LaXl6wGYtUBY83nWS6Rf9tXm2e8VaK60JEjYldbPif/A2B1C2gNA==",
      "license": "MIT",
      "dependencies": {
        "loose-envify": "^1.0.0"
      }
    },
    "node_modules/js-tokens": {
      "version": "4.0.0",
      "resolved": "https://registry.npmjs.org/js-tokens/-/js-tokens-4.0.0.tgz",
      "integrity": "sha512-RdJUflcE3cUzKiMqQgsCu06FPu9UdIJO0beYbPhHN4k6apgJtifcoCtT9bcxOpYBtpD2kCM6Sbzg4CausW/PKQ==",
      "license": "MIT"
    },
    "node_modules/loose-envify": {
      "version": "1.4.0",
      "resolved": "https://registry.npmjs.org/loose-envify/-/loose-envify-1.4.0.tgz",
      "integrity": "sha512-lyuxPGr/Wfhrlem2CL/UcnUc1zcqKAImBDzukY7Y5F/yQiNdko6+fRLevlw1HgMySw7f611UIY408EtxRSoK3Q==",
      "license": "MIT",
      "dependencies": {
        "js-tokens": "^3.0.0 || ^4.0.0"
      },
      "bin": {
        "loose-envify": "cli.js"
      }
    },
    "node_modules/react-native-webview": {
      "version": "13.16.0",
      "resolved": "https://registry.npmjs.org/react-native-webview/-/react-native-webview-13.16.0.tgz",
      "integrity": "sha512-Nh13xKZWW35C0dbOskD7OX01nQQavOzHbCw9XoZmar4eXCo7AvrYJ0jlUfRVVIJzqINxHlpECYLdmAdFsl9xDA==",
      "license": "MIT",
      "dependencies": {
        "escape-string-regexp": "^4.0.0",
        "invariant": "2.2.4"
      },
      "peerDependencies": {
        "react": "*",
        "react-native": "*"
      }
    }
  }
}
